
Microsoft Visual Studio Solution File, Format Version 10.00
# Visual Studio 2008
Project("{FAE04EC0-301F-11D3-BF4B-00C04F79EFBC}") = "NHamcrest", "NHamcrest\NHamcrest.csproj", "{BF7E7EB3-0C15-4F55-85F9-B2A7564D98D4}"
EndProject
Project("{FAE04EC0-301F-11D3-BF4B-00C04F79EFBC}") = "NHamcrest.Tests", "NHamcrest.Tests\NHamcrest.Tests.csproj", "{368D7391-0C63-4F48-8D8C-3942E0693B92}"
EndProject
Global
	GlobalSection(SolutionConfigurationPlatforms) = preSolution
		Debug|Any CPU = Debug|Any CPU
		Release|Any CPU = Release|Any CPU
	EndGlobalSection
	GlobalSection(ProjectConfigurationPlatforms) = postSolution
		{BF7E7EB3-0C15-4F55-85F9-B2A7564D98D4}.Debug|Any CPU.ActiveCfg = Debug|Any CPU
		{BF7E7EB3-0C15-4F55-85F9-B2A7564D98D4}.Debug|Any CPU.Build.0 = Debug|Any CPU
		{BF7E7EB3-0C15-4F55-85F9-B2A7564D98D4}.Release|Any CPU.ActiveCfg = Release|Any CPU
		{BF7E7EB3-0C15-4F55-85F9-B2A7564D98D4}.Release|Any CPU.Build.0 = Release|Any CPU
		{368D7391-0C63-4F48-8D8C-3942E0693B92}.Debug|Any CPU.ActiveCfg = Debug|Any CPU
		{368D7391-0C63-4F48-8D8C-3942E0693B92}.Debug|Any CPU.Build.0 = Debug|Any CPU
		{368D7391-0C63-4F48-8D8C-3942E0693B92}.Release|Any CPU.ActiveCfg = Release|Any CPU
		{368D7391-0C63-4F48-8D8C-3942E0693B92}.Release|Any CPU.Build.0 = Release|Any CPU
	EndGlobalSection
	GlobalSection(SolutionProperties) = preSolution
		HideSolutionNode = FALSE
	EndGlobalSection
EndGlobal
