
Microsoft Visual Studio Solution File, Format Version 11.00
# Visual Studio 2010
Project("{FAE04EC0-301F-11D3-BF4B-00C04F79EFBC}") = "NHamcrest", "NHamcrest\NHamcrest.csproj", "{BF7E7EB3-0C15-4F55-85F9-B2A7564D98D4}"
EndProject
Project("{FAE04EC0-301F-11D3-BF4B-00C04F79EFBC}") = "NHamcrest.Tests", "NHamcrest.Tests\NHamcrest.Tests.csproj", "{368D7391-0C63-4F48-8D8C-3942E0693B92}"
EndProject
Project("{FAE04EC0-301F-11D3-BF4B-00C04F79EFBC}") = "NHamcrest.NUnit", "NHamcrest.NUnit\NHamcrest.NUnit.csproj", "{ED5F34C9-D815-46CD-BAC2-AC62A795894B}"
EndProject
Project("{FAE04EC0-301F-11D3-BF4B-00C04F79EFBC}") = "NHamcrest.NUnit.Examples", "NHamcrest.NUnit.Examples\NHamcrest.NUnit.Examples.csproj", "{3047BC0C-DD71-4EC8-9835-15B9A41B2C62}"
EndProject
Project("{FAE04EC0-301F-11D3-BF4B-00C04F79EFBC}") = "NHamcrest.XUnit", "NHamcrest.XUnit\NHamcrest.XUnit.csproj", "{235F5147-DCDC-439C-9220-DF2E5FB23F66}"
EndProject
Project("{FAE04EC0-301F-11D3-BF4B-00C04F79EFBC}") = "NHamcrest.XUnit.Examples", "NHamcrest.XUnit.Examples\NHamcrest.XUnit.Examples.csproj", "{FB567185-A872-4D8E-A4C5-CC3D4430D7DF}"
EndProject
Project("{2150E333-8FDC-42A3-9474-1A3956D46DE8}") = "NUnit", "NUnit", "{9985B589-EC67-4FE7-83A1-3A68959CAAAC}"
EndProject
Project("{2150E333-8FDC-42A3-9474-1A3956D46DE8}") = "XUnit", "XUnit", "{0EE42F24-2D10-425F-814F-F2C67431C5B7}"
EndProject
Global
	GlobalSection(SolutionConfigurationPlatforms) = preSolution
		Debug|Any CPU = Debug|Any CPU
		Debug|Mixed Platforms = Debug|Mixed Platforms
		Debug|x86 = Debug|x86
		Release|Any CPU = Release|Any CPU
		Release|Mixed Platforms = Release|Mixed Platforms
		Release|x86 = Release|x86
	EndGlobalSection
	GlobalSection(ProjectConfigurationPlatforms) = postSolution
		{BF7E7EB3-0C15-4F55-85F9-B2A7564D98D4}.Debug|Any CPU.ActiveCfg = Debug|Any CPU
		{BF7E7EB3-0C15-4F55-85F9-B2A7564D98D4}.Debug|Any CPU.Build.0 = Debug|Any CPU
		{BF7E7EB3-0C15-4F55-85F9-B2A7564D98D4}.Debug|Mixed Platforms.ActiveCfg = Debug|Any CPU
		{BF7E7EB3-0C15-4F55-85F9-B2A7564D98D4}.Debug|Mixed Platforms.Build.0 = Debug|Any CPU
		{BF7E7EB3-0C15-4F55-85F9-B2A7564D98D4}.Debug|x86.ActiveCfg = Debug|Any CPU
		{BF7E7EB3-0C15-4F55-85F9-B2A7564D98D4}.Release|Any CPU.ActiveCfg = Release|Any CPU
		{BF7E7EB3-0C15-4F55-85F9-B2A7564D98D4}.Release|Any CPU.Build.0 = Release|Any CPU
		{BF7E7EB3-0C15-4F55-85F9-B2A7564D98D4}.Release|Mixed Platforms.ActiveCfg = Release|Any CPU
		{BF7E7EB3-0C15-4F55-85F9-B2A7564D98D4}.Release|Mixed Platforms.Build.0 = Release|Any CPU
		{BF7E7EB3-0C15-4F55-85F9-B2A7564D98D4}.Release|x86.ActiveCfg = Release|Any CPU
		{368D7391-0C63-4F48-8D8C-3942E0693B92}.Debug|Any CPU.ActiveCfg = Debug|Any CPU
		{368D7391-0C63-4F48-8D8C-3942E0693B92}.Debug|Any CPU.Build.0 = Debug|Any CPU
		{368D7391-0C63-4F48-8D8C-3942E0693B92}.Debug|Mixed Platforms.ActiveCfg = Debug|Any CPU
		{368D7391-0C63-4F48-8D8C-3942E0693B92}.Debug|Mixed Platforms.Build.0 = Debug|Any CPU
		{368D7391-0C63-4F48-8D8C-3942E0693B92}.Debug|x86.ActiveCfg = Debug|Any CPU
		{368D7391-0C63-4F48-8D8C-3942E0693B92}.Release|Any CPU.ActiveCfg = Release|Any CPU
		{368D7391-0C63-4F48-8D8C-3942E0693B92}.Release|Any CPU.Build.0 = Release|Any CPU
		{368D7391-0C63-4F48-8D8C-3942E0693B92}.Release|Mixed Platforms.ActiveCfg = Release|Any CPU
		{368D7391-0C63-4F48-8D8C-3942E0693B92}.Release|Mixed Platforms.Build.0 = Release|Any CPU
		{368D7391-0C63-4F48-8D8C-3942E0693B92}.Release|x86.ActiveCfg = Release|Any CPU
		{ED5F34C9-D815-46CD-BAC2-AC62A795894B}.Debug|Any CPU.ActiveCfg = Debug|x86
		{ED5F34C9-D815-46CD-BAC2-AC62A795894B}.Debug|Mixed Platforms.ActiveCfg = Debug|x86
		{ED5F34C9-D815-46CD-BAC2-AC62A795894B}.Debug|Mixed Platforms.Build.0 = Debug|x86
		{ED5F34C9-D815-46CD-BAC2-AC62A795894B}.Debug|x86.ActiveCfg = Debug|x86
		{ED5F34C9-D815-46CD-BAC2-AC62A795894B}.Debug|x86.Build.0 = Debug|x86
		{ED5F34C9-D815-46CD-BAC2-AC62A795894B}.Release|Any CPU.ActiveCfg = Release|x86
		{ED5F34C9-D815-46CD-BAC2-AC62A795894B}.Release|Mixed Platforms.ActiveCfg = Release|x86
		{ED5F34C9-D815-46CD-BAC2-AC62A795894B}.Release|Mixed Platforms.Build.0 = Release|x86
		{ED5F34C9-D815-46CD-BAC2-AC62A795894B}.Release|x86.ActiveCfg = Release|x86
		{ED5F34C9-D815-46CD-BAC2-AC62A795894B}.Release|x86.Build.0 = Release|x86
		{3047BC0C-DD71-4EC8-9835-15B9A41B2C62}.Debug|Any CPU.ActiveCfg = Debug|Any CPU
		{3047BC0C-DD71-4EC8-9835-15B9A41B2C62}.Debug|Any CPU.Build.0 = Debug|Any CPU
		{3047BC0C-DD71-4EC8-9835-15B9A41B2C62}.Debug|Mixed Platforms.ActiveCfg = Debug|Any CPU
		{3047BC0C-DD71-4EC8-9835-15B9A41B2C62}.Debug|Mixed Platforms.Build.0 = Debug|Any CPU
		{3047BC0C-DD71-4EC8-9835-15B9A41B2C62}.Debug|x86.ActiveCfg = Debug|Any CPU
		{3047BC0C-DD71-4EC8-9835-15B9A41B2C62}.Release|Any CPU.ActiveCfg = Release|Any CPU
		{3047BC0C-DD71-4EC8-9835-15B9A41B2C62}.Release|Any CPU.Build.0 = Release|Any CPU
		{3047BC0C-DD71-4EC8-9835-15B9A41B2C62}.Release|Mixed Platforms.ActiveCfg = Release|Any CPU
		{3047BC0C-DD71-4EC8-9835-15B9A41B2C62}.Release|Mixed Platforms.Build.0 = Release|Any CPU
		{3047BC0C-DD71-4EC8-9835-15B9A41B2C62}.Release|x86.ActiveCfg = Release|Any CPU
		{235F5147-DCDC-439C-9220-DF2E5FB23F66}.Debug|Any CPU.ActiveCfg = Debug|Any CPU
		{235F5147-DCDC-439C-9220-DF2E5FB23F66}.Debug|Any CPU.Build.0 = Debug|Any CPU
		{235F5147-DCDC-439C-9220-DF2E5FB23F66}.Debug|Mixed Platforms.ActiveCfg = Debug|Any CPU
		{235F5147-DCDC-439C-9220-DF2E5FB23F66}.Debug|Mixed Platforms.Build.0 = Debug|Any CPU
		{235F5147-DCDC-439C-9220-DF2E5FB23F66}.Debug|x86.ActiveCfg = Debug|Any CPU
		{235F5147-DCDC-439C-9220-DF2E5FB23F66}.Release|Any CPU.ActiveCfg = Release|Any CPU
		{235F5147-DCDC-439C-9220-DF2E5FB23F66}.Release|Any CPU.Build.0 = Release|Any CPU
		{235F5147-DCDC-439C-9220-DF2E5FB23F66}.Release|Mixed Platforms.ActiveCfg = Release|Any CPU
		{235F5147-DCDC-439C-9220-DF2E5FB23F66}.Release|Mixed Platforms.Build.0 = Release|Any CPU
		{235F5147-DCDC-439C-9220-DF2E5FB23F66}.Release|x86.ActiveCfg = Release|Any CPU
		{FB567185-A872-4D8E-A4C5-CC3D4430D7DF}.Debug|Any CPU.ActiveCfg = Debug|Any CPU
		{FB567185-A872-4D8E-A4C5-CC3D4430D7DF}.Debug|Any CPU.Build.0 = Debug|Any CPU
		{FB567185-A872-4D8E-A4C5-CC3D4430D7DF}.Debug|Mixed Platforms.ActiveCfg = Debug|Any CPU
		{FB567185-A872-4D8E-A4C5-CC3D4430D7DF}.Debug|Mixed Platforms.Build.0 = Debug|Any CPU
		{FB567185-A872-4D8E-A4C5-CC3D4430D7DF}.Debug|x86.ActiveCfg = Debug|Any CPU
		{FB567185-A872-4D8E-A4C5-CC3D4430D7DF}.Release|Any CPU.ActiveCfg = Release|Any CPU
		{FB567185-A872-4D8E-A4C5-CC3D4430D7DF}.Release|Any CPU.Build.0 = Release|Any CPU
		{FB567185-A872-4D8E-A4C5-CC3D4430D7DF}.Release|Mixed Platforms.ActiveCfg = Release|Any CPU
		{FB567185-A872-4D8E-A4C5-CC3D4430D7DF}.Release|Mixed Platforms.Build.0 = Release|Any CPU
		{FB567185-A872-4D8E-A4C5-CC3D4430D7DF}.Release|x86.ActiveCfg = Release|Any CPU
	EndGlobalSection
	GlobalSection(SolutionProperties) = preSolution
		HideSolutionNode = FALSE
	EndGlobalSection
	GlobalSection(NestedProjects) = preSolution
		{ED5F34C9-D815-46CD-BAC2-AC62A795894B} = {9985B589-EC67-4FE7-83A1-3A68959CAAAC}
		{3047BC0C-DD71-4EC8-9835-15B9A41B2C62} = {9985B589-EC67-4FE7-83A1-3A68959CAAAC}
		{235F5147-DCDC-439C-9220-DF2E5FB23F66} = {0EE42F24-2D10-425F-814F-F2C67431C5B7}
		{FB567185-A872-4D8E-A4C5-CC3D4430D7DF} = {0EE42F24-2D10-425F-814F-F2C67431C5B7}
	EndGlobalSection
EndGlobal
